
Microsoft Visual Studio Solution File, Format Version 12.00
# Visual Studio Version 16
VisualStudioVersion = 16.6.30114.105
MinimumVisualStudioVersion = 10.0.40219.1
Project("{FAE04EC0-301F-11D3-BF4B-00C04F79EFBC}") = "API", "API\API.csproj", "{F79857F2-038F-4EB6-8EFE-190BD8448708}"
EndProject
Global
	GlobalSection(SolutionConfigurationPlatforms) = preSolution
		Debug|Any CPU = Debug|Any CPU
		Debug|x64 = Debug|x64
		Debug|x86 = Debug|x86
		Release|Any CPU = Release|Any CPU
		Release|x64 = Release|x64
		Release|x86 = Release|x86
	EndGlobalSection
	GlobalSection(SolutionProperties) = preSolution
		HideSolutionNode = FALSE
	EndGlobalSection
	GlobalSection(ProjectConfigurationPlatforms) = postSolution
		{F79857F2-038F-4EB6-8EFE-190BD8448708}.Debug|Any CPU.ActiveCfg = Debug|Any CPU
		{F79857F2-038F-4EB6-8EFE-190BD8448708}.Debug|Any CPU.Build.0 = Debug|Any CPU
		{F79857F2-038F-4EB6-8EFE-190BD8448708}.Debug|x64.ActiveCfg = Debug|Any CPU
		{F79857F2-038F-4EB6-8EFE-190BD8448708}.Debug|x64.Build.0 = Debug|Any CPU
		{F79857F2-038F-4EB6-8EFE-190BD8448708}.Debug|x86.ActiveCfg = Debug|Any CPU
		{F79857F2-038F-4EB6-8EFE-190BD8448708}.Debug|x86.Build.0 = Debug|Any CPU
		{F79857F2-038F-4EB6-8EFE-190BD8448708}.Release|Any CPU.ActiveCfg = Release|Any CPU
		{F79857F2-038F-4EB6-8EFE-190BD8448708}.Release|Any CPU.Build.0 = Release|Any CPU
		{F79857F2-038F-4EB6-8EFE-190BD8448708}.Release|x64.ActiveCfg = Release|Any CPU
		{F79857F2-038F-4EB6-8EFE-190BD8448708}.Release|x64.Build.0 = Release|Any CPU
		{F79857F2-038F-4EB6-8EFE-190BD8448708}.Release|x86.ActiveCfg = Release|Any CPU
		{F79857F2-038F-4EB6-8EFE-190BD8448708}.Release|x86.Build.0 = Release|Any CPU
		{9CED1008-709C-4CD7-880C-313A48F32C77}.Debug|Any CPU.ActiveCfg = Debug|Any CPU
		{9CED1008-709C-4CD7-880C-313A48F32C77}.Debug|Any CPU.Build.0 = Debug|Any CPU
		{9CED1008-709C-4CD7-880C-313A48F32C77}.Debug|x64.ActiveCfg = Debug|Any CPU
		{9CED1008-709C-4CD7-880C-313A48F32C77}.Debug|x64.Build.0 = Debug|Any CPU
		{9CED1008-709C-4CD7-880C-313A48F32C77}.Debug|x86.ActiveCfg = Debug|Any CPU
		{9CED1008-709C-4CD7-880C-313A48F32C77}.Debug|x86.Build.0 = Debug|Any CPU
		{9CED1008-709C-4CD7-880C-313A48F32C77}.Release|Any CPU.ActiveCfg = Release|Any CPU
		{9CED1008-709C-4CD7-880C-313A48F32C77}.Release|Any CPU.Build.0 = Release|Any CPU
		{9CED1008-709C-4CD7-880C-313A48F32C77}.Release|x64.ActiveCfg = Release|Any CPU
		{9CED1008-709C-4CD7-880C-313A48F32C77}.Release|x64.Build.0 = Release|Any CPU
		{9CED1008-709C-4CD7-880C-313A48F32C77}.Release|x86.ActiveCfg = Release|Any CPU
		{9CED1008-709C-4CD7-880C-313A48F32C77}.Release|x86.Build.0 = Release|Any CPU
		{DE190B7C-14DC-40B8-ACCB-4058B20B1EDF}.Debug|Any CPU.ActiveCfg = Debug|Any CPU
		{DE190B7C-14DC-40B8-ACCB-4058B20B1EDF}.Debug|Any CPU.Build.0 = Debug|Any CPU
		{DE190B7C-14DC-40B8-ACCB-4058B20B1EDF}.Debug|x64.ActiveCfg = Debug|Any CPU
		{DE190B7C-14DC-40B8-ACCB-4058B20B1EDF}.Debug|x64.Build.0 = Debug|Any CPU
		{DE190B7C-14DC-40B8-ACCB-4058B20B1EDF}.Debug|x86.ActiveCfg = Debug|Any CPU
		{DE190B7C-14DC-40B8-ACCB-4058B20B1EDF}.Debug|x86.Build.0 = Debug|Any CPU
		{DE190B7C-14DC-40B8-ACCB-4058B20B1EDF}.Release|Any CPU.ActiveCfg = Release|Any CPU
		{DE190B7C-14DC-40B8-ACCB-4058B20B1EDF}.Release|Any CPU.Build.0 = Release|Any CPU
		{DE190B7C-14DC-40B8-ACCB-4058B20B1EDF}.Release|x64.ActiveCfg = Release|Any CPU
		{DE190B7C-14DC-40B8-ACCB-4058B20B1EDF}.Release|x64.Build.0 = Release|Any CPU
		{DE190B7C-14DC-40B8-ACCB-4058B20B1EDF}.Release|x86.ActiveCfg = Release|Any CPU
		{DE190B7C-14DC-40B8-ACCB-4058B20B1EDF}.Release|x86.Build.0 = Release|Any CPU
		{AA5A3AC4-142E-409D-922D-F4D329EB4E16}.Debug|Any CPU.ActiveCfg = Debug|Any CPU
		{AA5A3AC4-142E-409D-922D-F4D329EB4E16}.Debug|Any CPU.Build.0 = Debug|Any CPU
		{AA5A3AC4-142E-409D-922D-F4D329EB4E16}.Debug|x64.ActiveCfg = Debug|Any CPU
		{AA5A3AC4-142E-409D-922D-F4D329EB4E16}.Debug|x64.Build.0 = Debug|Any CPU
		{AA5A3AC4-142E-409D-922D-F4D329EB4E16}.Debug|x86.ActiveCfg = Debug|Any CPU
		{AA5A3AC4-142E-409D-922D-F4D329EB4E16}.Debug|x86.Build.0 = Debug|Any CPU
		{AA5A3AC4-142E-409D-922D-F4D329EB4E16}.Release|Any CPU.ActiveCfg = Release|Any CPU
		{AA5A3AC4-142E-409D-922D-F4D329EB4E16}.Release|Any CPU.Build.0 = Release|Any CPU
		{AA5A3AC4-142E-409D-922D-F4D329EB4E16}.Release|x64.ActiveCfg = Release|Any CPU
		{AA5A3AC4-142E-409D-922D-F4D329EB4E16}.Release|x64.Build.0 = Release|Any CPU
		{AA5A3AC4-142E-409D-922D-F4D329EB4E16}.Release|x86.ActiveCfg = Release|Any CPU
		{AA5A3AC4-142E-409D-922D-F4D329EB4E16}.Release|x86.Build.0 = Release|Any CPU
	EndGlobalSection
EndGlobal
